
Microsoft Visual Studio Solution File, Format Version 12.00
# Visual Studio Version 17
VisualStudioVersion = 17.1.32414.318
MinimumVisualStudioVersion = 10.0.40219.1
Project("{FAE04EC0-301F-11D3-BF4B-00C04F79EFBC}") = "APISAE401", "APISAE401\APISAE401.csproj", "{7030FD0A-F2E3-43D0-98BD-9E02D3DB6C6A}"
EndProject
Global
	GlobalSection(SolutionConfigurationPlatforms) = preSolution
		Debug|Any CPU = Debug|Any CPU
		Release|Any CPU = Release|Any CPU
	EndGlobalSection
	GlobalSection(ProjectConfigurationPlatforms) = postSolution
		{7030FD0A-F2E3-43D0-98BD-9E02D3DB6C6A}.Debug|Any CPU.ActiveCfg = Debug|Any CPU
		{7030FD0A-F2E3-43D0-98BD-9E02D3DB6C6A}.Debug|Any CPU.Build.0 = Debug|Any CPU
		{7030FD0A-F2E3-43D0-98BD-9E02D3DB6C6A}.Release|Any CPU.ActiveCfg = Release|Any CPU
		{7030FD0A-F2E3-43D0-98BD-9E02D3DB6C6A}.Release|Any CPU.Build.0 = Release|Any CPU
	EndGlobalSection
	GlobalSection(SolutionProperties) = preSolution
		HideSolutionNode = FALSE
	EndGlobalSection
	GlobalSection(ExtensibilityGlobals) = postSolution
		SolutionGuid = {25DD33C3-43D9-4230-8EC5-496F364C92A2}
	EndGlobalSection
EndGlobal
